
Microsoft Visual Studio Solution File, Format Version 12.00
# Visual Studio Version 16
VisualStudioVersion = 16.0.30717.126
MinimumVisualStudioVersion = 10.0.40219.1
Project("{FAE04EC0-301F-11D3-BF4B-00C04F79EFBC}") = "NotSoNeedyCraftingStation", "NotSoNeedyCraftingStation\NotSoNeedyCraftingStation.csproj", "{21F833CF-AD24-4298-B7DC-3B101D76A7FC}"
EndProject
Global
	GlobalSection(SolutionConfigurationPlatforms) = preSolution
		Debug|Any CPU = Debug|Any CPU
		Release|Any CPU = Release|Any CPU
	EndGlobalSection
	GlobalSection(ProjectConfigurationPlatforms) = postSolution
		{21F833CF-AD24-4298-B7DC-3B101D76A7FC}.Debug|Any CPU.ActiveCfg = Debug|Any CPU
		{21F833CF-AD24-4298-B7DC-3B101D76A7FC}.Debug|Any CPU.Build.0 = Debug|Any CPU
		{21F833CF-AD24-4298-B7DC-3B101D76A7FC}.Release|Any CPU.ActiveCfg = Release|Any CPU
		{21F833CF-AD24-4298-B7DC-3B101D76A7FC}.Release|Any CPU.Build.0 = Release|Any CPU
	EndGlobalSection
	GlobalSection(SolutionProperties) = preSolution
		HideSolutionNode = FALSE
	EndGlobalSection
	GlobalSection(ExtensibilityGlobals) = postSolution
		SolutionGuid = {41DCF98A-EC38-4E4B-B7B1-836E2355CE7F}
	EndGlobalSection
EndGlobal
